
Microsoft Visual Studio Solution File, Format Version 12.00
# Visual Studio Version 16
VisualStudioVersion = 16.0.30907.101
MinimumVisualStudioVersion = 10.0.40219.1
Project("{9A19103F-16F7-4668-BE54-9A1E7A4F7556}") = "Task1", "Task1\Task1.csproj", "{5D973416-29C2-433A-B57C-0D064F281DC4}"
EndProject
Global
	GlobalSection(SolutionConfigurationPlatforms) = preSolution
		Debug|Any CPU = Debug|Any CPU
		Release|Any CPU = Release|Any CPU
	EndGlobalSection
	GlobalSection(ProjectConfigurationPlatforms) = postSolution
		{5D973416-29C2-433A-B57C-0D064F281DC4}.Debug|Any CPU.ActiveCfg = Debug|Any CPU
		{5D973416-29C2-433A-B57C-0D064F281DC4}.Debug|Any CPU.Build.0 = Debug|Any CPU
		{5D973416-29C2-433A-B57C-0D064F281DC4}.Release|Any CPU.ActiveCfg = Release|Any CPU
		{5D973416-29C2-433A-B57C-0D064F281DC4}.Release|Any CPU.Build.0 = Release|Any CPU
	EndGlobalSection
	GlobalSection(SolutionProperties) = preSolution
		HideSolutionNode = FALSE
	EndGlobalSection
	GlobalSection(ExtensibilityGlobals) = postSolution
		SolutionGuid = {F2EE4472-C25D-491B-A82F-503C9D6D8492}
	EndGlobalSection
EndGlobal
