
Microsoft Visual Studio Solution File, Format Version 12.00
# Visual Studio Version 16
VisualStudioVersion = 16.0.30907.101
MinimumVisualStudioVersion = 10.0.40219.1
Project("{9A19103F-16F7-4668-BE54-9A1E7A4F7556}") = "Task1", "Task1\Task1.csproj", "{69CBD5CA-507D-408F-992F-48C1B1E20544}"
EndProject
Project("{2150E333-8FDC-42A3-9474-1A3956D46DE8}") = "Solution Items", "Solution Items", "{5091CCC1-7C2C-4F02-9DC5-0D468F206AC8}"
	ProjectSection(SolutionItems) = preProject
		Task1\BinaryTree.cs = Task1\BinaryTree.cs
	EndProjectSection
EndProject
Global
	GlobalSection(SolutionConfigurationPlatforms) = preSolution
		Debug|Any CPU = Debug|Any CPU
		Release|Any CPU = Release|Any CPU
	EndGlobalSection
	GlobalSection(ProjectConfigurationPlatforms) = postSolution
		{69CBD5CA-507D-408F-992F-48C1B1E20544}.Debug|Any CPU.ActiveCfg = Debug|Any CPU
		{69CBD5CA-507D-408F-992F-48C1B1E20544}.Debug|Any CPU.Build.0 = Debug|Any CPU
		{69CBD5CA-507D-408F-992F-48C1B1E20544}.Release|Any CPU.ActiveCfg = Release|Any CPU
		{69CBD5CA-507D-408F-992F-48C1B1E20544}.Release|Any CPU.Build.0 = Release|Any CPU
	EndGlobalSection
	GlobalSection(SolutionProperties) = preSolution
		HideSolutionNode = FALSE
	EndGlobalSection
	GlobalSection(ExtensibilityGlobals) = postSolution
		SolutionGuid = {F2EE4472-C25D-491B-A82F-503C9D6D8492}
	EndGlobalSection
EndGlobal
